
Microsoft Visual Studio Solution File, Format Version 12.00
# Visual Studio Version 16
VisualStudioVersion = 16.0.29519.87
MinimumVisualStudioVersion = 10.0.40219.1
Project("{FAE04EC0-301F-11D3-BF4B-00C04F79EFBC}") = "C_Sharp_Hello_World", "C_Sharp_Hello_World.csproj", "{4868BB8C-7CE7-42FA-A300-23690DB346B8}"
EndProject
Global
	GlobalSection(SolutionConfigurationPlatforms) = preSolution
		Debug|Any CPU = Debug|Any CPU
		Release|Any CPU = Release|Any CPU
	EndGlobalSection
	GlobalSection(ProjectConfigurationPlatforms) = postSolution
		{4868BB8C-7CE7-42FA-A300-23690DB346B8}.Debug|Any CPU.ActiveCfg = Debug|Any CPU
		{4868BB8C-7CE7-42FA-A300-23690DB346B8}.Debug|Any CPU.Build.0 = Debug|Any CPU
		{4868BB8C-7CE7-42FA-A300-23690DB346B8}.Release|Any CPU.ActiveCfg = Release|Any CPU
		{4868BB8C-7CE7-42FA-A300-23690DB346B8}.Release|Any CPU.Build.0 = Release|Any CPU
	EndGlobalSection
	GlobalSection(SolutionProperties) = preSolution
		HideSolutionNode = FALSE
	EndGlobalSection
	GlobalSection(ExtensibilityGlobals) = postSolution
		SolutionGuid = {F60A55E2-8ABF-44D7-A95B-FD17D008931B}
	EndGlobalSection
EndGlobal
